
Microsoft Visual Studio Solution File, Format Version 12.00
# Visual Studio 2013
VisualStudioVersion = 12.0.21005.1
MinimumVisualStudioVersion = 10.0.40219.1
Project("{E24C65DC-7377-472B-9ABA-BC803B73C61A}") = "Web", "Web\", "{4AE53402-2BF5-4786-85EB-A78E56091E82}"
	ProjectSection(WebsiteProperties) = preProject
		TargetFrameworkMoniker = ".NETFramework,Version%3Dv4.0"
		ProjectReferences = "{B2CB0F25-F746-413B-BB57-4E22596AAF98}|SDLX.DBUtility.dll;{2BD96671-63CA-4DED-9798-FBA5A57922B6}|SDLX.Common.dll;{5A60E096-0B41-45C4-B2F7-0A8079DE3504}|SDLX.BLL.dll;"
		Debug.AspNetCompiler.VirtualPath = "/Web"
		Debug.AspNetCompiler.PhysicalPath = "Web\"
		Debug.AspNetCompiler.TargetPath = "PrecompiledWeb\Web\"
		Debug.AspNetCompiler.Updateable = "true"
		Debug.AspNetCompiler.ForceOverwrite = "true"
		Debug.AspNetCompiler.FixedNames = "false"
		Debug.AspNetCompiler.Debug = "True"
		Release.AspNetCompiler.VirtualPath = "/Web"
		Release.AspNetCompiler.PhysicalPath = "Web\"
		Release.AspNetCompiler.TargetPath = "PrecompiledWeb\Web\"
		Release.AspNetCompiler.Updateable = "true"
		Release.AspNetCompiler.ForceOverwrite = "true"
		Release.AspNetCompiler.FixedNames = "false"
		Release.AspNetCompiler.Debug = "False"
		VWDPort = "56579"
		SlnRelativePath = "Web\"
		DefaultWebSiteLanguage = "Visual C#"
	EndProjectSection
EndProject
Project("{FAE04EC0-301F-11D3-BF4B-00C04F79EFBC}") = "SDLX.BLL", "SDLX.BLL\SDLX.BLL.csproj", "{5A60E096-0B41-45C4-B2F7-0A8079DE3504}"
EndProject
Project("{FAE04EC0-301F-11D3-BF4B-00C04F79EFBC}") = "SDLX.Common", "SDLX.Common\SDLX.Common.csproj", "{2BD96671-63CA-4DED-9798-FBA5A57922B6}"
EndProject
Project("{FAE04EC0-301F-11D3-BF4B-00C04F79EFBC}") = "SDLX.DBUtility", "SDLX.DBUtility\SDLX.DBUtility.csproj", "{B2CB0F25-F746-413B-BB57-4E22596AAF98}"
EndProject
Project("{E24C65DC-7377-472B-9ABA-BC803B73C61A}") = "MobileWeb", "MobileWeb\", "{85849EC0-6467-46EC-B172-3F43A101EC5C}"
	ProjectSection(WebsiteProperties) = preProject
		TargetFrameworkMoniker = ".NETFramework,Version%3Dv4.0"
		ProjectReferences = "{5A60E096-0B41-45C4-B2F7-0A8079DE3504}|SDLX.BLL.dll;{2BD96671-63CA-4DED-9798-FBA5A57922B6}|SDLX.Common.dll;{B2CB0F25-F746-413B-BB57-4E22596AAF98}|SDLX.DBUtility.dll;"
		Debug.AspNetCompiler.VirtualPath = "/MobileWeb"
		Debug.AspNetCompiler.PhysicalPath = "MobileWeb\"
		Debug.AspNetCompiler.TargetPath = "PrecompiledWeb\MobileWeb\"
		Debug.AspNetCompiler.Updateable = "true"
		Debug.AspNetCompiler.ForceOverwrite = "true"
		Debug.AspNetCompiler.FixedNames = "false"
		Debug.AspNetCompiler.Debug = "True"
		Release.AspNetCompiler.VirtualPath = "/MobileWeb"
		Release.AspNetCompiler.PhysicalPath = "MobileWeb\"
		Release.AspNetCompiler.TargetPath = "PrecompiledWeb\MobileWeb\"
		Release.AspNetCompiler.Updateable = "true"
		Release.AspNetCompiler.ForceOverwrite = "true"
		Release.AspNetCompiler.FixedNames = "false"
		Release.AspNetCompiler.Debug = "False"
		VWDPort = "64149"
		SlnRelativePath = "MobileWeb\"
	EndProjectSection
EndProject
Global
	GlobalSection(SolutionConfigurationPlatforms) = preSolution
		Debug|.NET = Debug|.NET
		Debug|Any CPU = Debug|Any CPU
		Debug|Mixed Platforms = Debug|Mixed Platforms
		Release|.NET = Release|.NET
		Release|Any CPU = Release|Any CPU
		Release|Mixed Platforms = Release|Mixed Platforms
	EndGlobalSection
	GlobalSection(ProjectConfigurationPlatforms) = postSolution
		{4AE53402-2BF5-4786-85EB-A78E56091E82}.Debug|.NET.ActiveCfg = Debug|Any CPU
		{4AE53402-2BF5-4786-85EB-A78E56091E82}.Debug|Any CPU.ActiveCfg = Debug|Any CPU
		{4AE53402-2BF5-4786-85EB-A78E56091E82}.Debug|Any CPU.Build.0 = Debug|Any CPU
		{4AE53402-2BF5-4786-85EB-A78E56091E82}.Debug|Mixed Platforms.ActiveCfg = Debug|Any CPU
		{4AE53402-2BF5-4786-85EB-A78E56091E82}.Debug|Mixed Platforms.Build.0 = Debug|Any CPU
		{4AE53402-2BF5-4786-85EB-A78E56091E82}.Release|.NET.ActiveCfg = Debug|Any CPU
		{4AE53402-2BF5-4786-85EB-A78E56091E82}.Release|Any CPU.ActiveCfg = Debug|Any CPU
		{4AE53402-2BF5-4786-85EB-A78E56091E82}.Release|Any CPU.Build.0 = Debug|Any CPU
		{4AE53402-2BF5-4786-85EB-A78E56091E82}.Release|Mixed Platforms.ActiveCfg = Debug|Any CPU
		{4AE53402-2BF5-4786-85EB-A78E56091E82}.Release|Mixed Platforms.Build.0 = Debug|Any CPU
		{5A60E096-0B41-45C4-B2F7-0A8079DE3504}.Debug|.NET.ActiveCfg = Debug|Any CPU
		{5A60E096-0B41-45C4-B2F7-0A8079DE3504}.Debug|Any CPU.ActiveCfg = Debug|Any CPU
		{5A60E096-0B41-45C4-B2F7-0A8079DE3504}.Debug|Any CPU.Build.0 = Debug|Any CPU
		{5A60E096-0B41-45C4-B2F7-0A8079DE3504}.Debug|Mixed Platforms.ActiveCfg = Debug|Any CPU
		{5A60E096-0B41-45C4-B2F7-0A8079DE3504}.Debug|Mixed Platforms.Build.0 = Debug|Any CPU
		{5A60E096-0B41-45C4-B2F7-0A8079DE3504}.Release|.NET.ActiveCfg = Release|Any CPU
		{5A60E096-0B41-45C4-B2F7-0A8079DE3504}.Release|Any CPU.ActiveCfg = Release|Any CPU
		{5A60E096-0B41-45C4-B2F7-0A8079DE3504}.Release|Any CPU.Build.0 = Release|Any CPU
		{5A60E096-0B41-45C4-B2F7-0A8079DE3504}.Release|Mixed Platforms.ActiveCfg = Release|Any CPU
		{5A60E096-0B41-45C4-B2F7-0A8079DE3504}.Release|Mixed Platforms.Build.0 = Release|Any CPU
		{2BD96671-63CA-4DED-9798-FBA5A57922B6}.Debug|.NET.ActiveCfg = Debug|Any CPU
		{2BD96671-63CA-4DED-9798-FBA5A57922B6}.Debug|Any CPU.ActiveCfg = Debug|Any CPU
		{2BD96671-63CA-4DED-9798-FBA5A57922B6}.Debug|Any CPU.Build.0 = Debug|Any CPU
		{2BD96671-63CA-4DED-9798-FBA5A57922B6}.Debug|Mixed Platforms.ActiveCfg = Debug|Any CPU
		{2BD96671-63CA-4DED-9798-FBA5A57922B6}.Debug|Mixed Platforms.Build.0 = Debug|Any CPU
		{2BD96671-63CA-4DED-9798-FBA5A57922B6}.Release|.NET.ActiveCfg = Release|Any CPU
		{2BD96671-63CA-4DED-9798-FBA5A57922B6}.Release|Any CPU.ActiveCfg = Release|Any CPU
		{2BD96671-63CA-4DED-9798-FBA5A57922B6}.Release|Any CPU.Build.0 = Release|Any CPU
		{2BD96671-63CA-4DED-9798-FBA5A57922B6}.Release|Mixed Platforms.ActiveCfg = Release|Any CPU
		{2BD96671-63CA-4DED-9798-FBA5A57922B6}.Release|Mixed Platforms.Build.0 = Release|Any CPU
		{B2CB0F25-F746-413B-BB57-4E22596AAF98}.Debug|.NET.ActiveCfg = Debug|Any CPU
		{B2CB0F25-F746-413B-BB57-4E22596AAF98}.Debug|Any CPU.ActiveCfg = Debug|Any CPU
		{B2CB0F25-F746-413B-BB57-4E22596AAF98}.Debug|Any CPU.Build.0 = Debug|Any CPU
		{B2CB0F25-F746-413B-BB57-4E22596AAF98}.Debug|Mixed Platforms.ActiveCfg = Debug|Any CPU
		{B2CB0F25-F746-413B-BB57-4E22596AAF98}.Debug|Mixed Platforms.Build.0 = Debug|Any CPU
		{B2CB0F25-F746-413B-BB57-4E22596AAF98}.Release|.NET.ActiveCfg = Release|Any CPU
		{B2CB0F25-F746-413B-BB57-4E22596AAF98}.Release|Any CPU.ActiveCfg = Release|Any CPU
		{B2CB0F25-F746-413B-BB57-4E22596AAF98}.Release|Any CPU.Build.0 = Release|Any CPU
		{B2CB0F25-F746-413B-BB57-4E22596AAF98}.Release|Mixed Platforms.ActiveCfg = Release|Any CPU
		{B2CB0F25-F746-413B-BB57-4E22596AAF98}.Release|Mixed Platforms.Build.0 = Release|Any CPU
		{85849EC0-6467-46EC-B172-3F43A101EC5C}.Debug|.NET.ActiveCfg = Debug|Any CPU
		{85849EC0-6467-46EC-B172-3F43A101EC5C}.Debug|Any CPU.ActiveCfg = Debug|Any CPU
		{85849EC0-6467-46EC-B172-3F43A101EC5C}.Debug|Any CPU.Build.0 = Debug|Any CPU
		{85849EC0-6467-46EC-B172-3F43A101EC5C}.Debug|Mixed Platforms.ActiveCfg = Debug|Any CPU
		{85849EC0-6467-46EC-B172-3F43A101EC5C}.Debug|Mixed Platforms.Build.0 = Debug|Any CPU
		{85849EC0-6467-46EC-B172-3F43A101EC5C}.Release|.NET.ActiveCfg = Debug|Any CPU
		{85849EC0-6467-46EC-B172-3F43A101EC5C}.Release|Any CPU.ActiveCfg = Debug|Any CPU
		{85849EC0-6467-46EC-B172-3F43A101EC5C}.Release|Any CPU.Build.0 = Debug|Any CPU
		{85849EC0-6467-46EC-B172-3F43A101EC5C}.Release|Mixed Platforms.ActiveCfg = Debug|Any CPU
		{85849EC0-6467-46EC-B172-3F43A101EC5C}.Release|Mixed Platforms.Build.0 = Debug|Any CPU
	EndGlobalSection
	GlobalSection(SolutionProperties) = preSolution
		HideSolutionNode = FALSE
	EndGlobalSection
EndGlobal
